// !$*UTF8*$!
{
	archiveVersion = 1;
	classes = {
	};
	objectVersion = 63;
	objects = {

/* Begin PBXBuildFile section */
		002EF9F7ACA9BC550ECE756B /* AuthViewModel.swift in Sources */ = {isa = PBXBuildFile; fileRef = 634636DCE0F074FDF0DA5C45 /* AuthViewModel.swift */; };
		0DA489F95DCEBB9A0AD2F3E6 /* APIClient.swift in Sources */ = {isa = PBXBuildFile; fileRef = 4671CB325310E61E9B9A34E9 /* APIClient.swift */; };
		12048F13FC410F3710FD9AC5 /* GweiloEloLiveActivity.appex in Embed Foundation Extensions */ = {isa = PBXBuildFile; fileRef = E28DB72EFEE15E28C48A687A /* GweiloEloLiveActivity.appex */; settings = {ATTRIBUTES = (RemoveHeadersOnCopy, ); }; };
		20DC5305D2091CB5C7C6E7CD /* SupabaseService.swift in Sources */ = {isa = PBXBuildFile; fileRef = 0FDABAE0E584B2A2B530E800 /* SupabaseService.swift */; };
		2A5D38CE1AB66846EA75B85B /* UserRole.swift in Sources */ = {isa = PBXBuildFile; fileRef = 9AAF7F95B328BF324C681FA7 /* UserRole.swift */; };
		2D243272CF04B777B60AE494 /* PerformanceTrendCard.swift in Sources */ = {isa = PBXBuildFile; fileRef = 0726C64B5EC824EEA3121775 /* PerformanceTrendCard.swift */; };
		2E3530630F704DE7481FA5E9 /* GweiloEloNativeApp.swift in Sources */ = {isa = PBXBuildFile; fileRef = D82E2AD62D74714AB696F79E /* GweiloEloNativeApp.swift */; };
		2EA3C95E97A9DDE4109EAEB2 /* Top3PlayersView.swift in Sources */ = {isa = PBXBuildFile; fileRef = A43DAE5E8A1C1D03446607B7 /* Top3PlayersView.swift */; };
		31C72FD05165CED218FAB38D /* GweiloEloLiveActivityBundle.swift in Sources */ = {isa = PBXBuildFile; fileRef = 9DB9217C7E2AD3E33A1F6B46 /* GweiloEloLiveActivityBundle.swift */; };
		347229F95762EE0D319F33BD /* GweiloEloLiveActivityLiveActivity.swift in Sources */ = {isa = PBXBuildFile; fileRef = 82998730D26F7812BB765354 /* GweiloEloLiveActivityLiveActivity.swift */; };
		36A3FBF5D57700458330CFBF /* DesignTokens.swift in Sources */ = {isa = PBXBuildFile; fileRef = DF7C3987EC6B54547C230B2A /* DesignTokens.swift */; };
		3F7704DE253FFB2C845B91A1 /* ActiveSessionBanner.swift in Sources */ = {isa = PBXBuildFile; fileRef = 621E03FD7BA035C3C0AB2644 /* ActiveSessionBanner.swift */; };
		54C181B416CAACC0FCC8A132 /* SupabaseConfig.plist in Resources */ = {isa = PBXBuildFile; fileRef = 82B3F62C3725F20B541CA06A /* SupabaseConfig.plist */; };
		5E0B24C92CE3FDFBA1F9AFDE /* SessionDetailView.swift in Sources */ = {isa = PBXBuildFile; fileRef = 617C467439E5AD5533AB666C /* SessionDetailView.swift */; };
		5E76509D77AEACF1A16A5329 /* SessionLiveActivityManager.swift in Sources */ = {isa = PBXBuildFile; fileRef = 4A4385666B9E479408CDDE32 /* SessionLiveActivityManager.swift */; };
		653BCAA50D264C68C3ADB769 /* Assets.xcassets in Resources */ = {isa = PBXBuildFile; fileRef = 696DDB96574EB69C35C0B3A4 /* Assets.xcassets */; };
		6993BAE9E1B2ADB7B924819B /* SessionLiveActivityAttributes.swift in Sources */ = {isa = PBXBuildFile; fileRef = 7B0308F3E6C35F2E73FACE89 /* SessionLiveActivityAttributes.swift */; };
		736C51C632012BB8FE4C07CC /* Assets.xcassets in Resources */ = {isa = PBXBuildFile; fileRef = A3DE4B687AC90066E93541DC /* Assets.xcassets */; };
		757DDEBAA343F714916C4CD8 /* SignInView.swift in Sources */ = {isa = PBXBuildFile; fileRef = 6C5C1213C8A6961E99FD8F94 /* SignInView.swift */; };
		7955D073B46CDAAFFEF226E1 /* PlayerDetailView.swift in Sources */ = {isa = PBXBuildFile; fileRef = 9C3C6AA363E04413A07B972F /* PlayerDetailView.swift */; };
		7F5FA75A30DE00163BCE72C3 /* SessionsView.swift in Sources */ = {isa = PBXBuildFile; fileRef = C4827BCA4AA7A5181E42A404 /* SessionsView.swift */; };
		85F23D2E8FE4D0AC59D79467 /* StatisticsView.swift in Sources */ = {isa = PBXBuildFile; fileRef = 295748C359414F40F1A64D87 /* StatisticsView.swift */; };
		994DA86E1F46E59C5E3BD570 /* MoreView.swift in Sources */ = {isa = PBXBuildFile; fileRef = B1263B4F20F1822882D29C8F /* MoreView.swift */; };
		A65FEBA03FC8409153590109 /* RootView.swift in Sources */ = {isa = PBXBuildFile; fileRef = 4FC18F7DECB711852141A41C /* RootView.swift */; };
		A920143A930EA85BD1CEBFF5 /* PollsView.swift in Sources */ = {isa = PBXBuildFile; fileRef = 37D1EDD9A3A167868E9AA8B9 /* PollsView.swift */; };
		AEC97F3695A1FD523ACAC549 /* StartSessionView.swift in Sources */ = {isa = PBXBuildFile; fileRef = 508F981D013248715D36E03A /* StartSessionView.swift */; };
		B8C6FCC8F6AA7D8C863E59FD /* Haptics.swift in Sources */ = {isa = PBXBuildFile; fileRef = 15F62C8C18F6BAA96E9E65C4 /* Haptics.swift */; };
		BF7B782F3ED54318962F53C0 /* NoShowsView.swift in Sources */ = {isa = PBXBuildFile; fileRef = F3BCD08E037EB240897A0922 /* NoShowsView.swift */; };
		CF2D5048B6F5E29BD9784171 /* SettingsView.swift in Sources */ = {isa = PBXBuildFile; fileRef = E142E507FC3DF59C344139E2 /* SettingsView.swift */; };
		D7E2E4F5C647F40F8C63C536 /* GweiloEloLiveActivity.swift in Sources */ = {isa = PBXBuildFile; fileRef = 0BA912773AC4698CDDD16594 /* GweiloEloLiveActivity.swift */; };
		EAB71661FC966D61C3C1A05B /* SupabaseConfig.plist.example in Resources */ = {isa = PBXBuildFile; fileRef = 0E85B510B12BD0F42EBAA7C9 /* SupabaseConfig.plist.example */; };
		EB4C3043AC446A5063A2A7D5 /* Supabase in Frameworks */ = {isa = PBXBuildFile; productRef = 16699B915D5AA2A14EEA965F /* Supabase */; };
		FA453996A5221F405C8CF0D9 /* SessionLiveActivityAttributes.swift in Sources */ = {isa = PBXBuildFile; fileRef = 7B0308F3E6C35F2E73FACE89 /* SessionLiveActivityAttributes.swift */; };
		FBB2B1145FB2053725FDAF67 /* AvatarView.swift in Sources */ = {isa = PBXBuildFile; fileRef = 994142B6635818F0FFEA95BD /* AvatarView.swift */; };
		FEE19DBC1553371FBB55591F /* HomeView.swift in Sources */ = {isa = PBXBuildFile; fileRef = FFF1747620511F39F569FC4E /* HomeView.swift */; };
/* End PBXBuildFile section */

/* Begin PBXContainerItemProxy section */
		86DE87B7097CCF96352F93B4 /* PBXContainerItemProxy */ = {
			isa = PBXContainerItemProxy;
			containerPortal = DCF78109B490CA2591ECECDD /* Project object */;
			proxyType = 1;
			remoteGlobalIDString = 030B100858DE5FDEB09F5013;
			remoteInfo = GweiloEloLiveActivity;
		};
/* End PBXContainerItemProxy section */

/* Begin PBXCopyFilesBuildPhase section */
		AA52EFAFBA09F1C40FCF63C5 /* Embed Foundation Extensions */ = {
			isa = PBXCopyFilesBuildPhase;
			buildActionMask = 2147483647;
			dstPath = "";
			dstSubfolderSpec = 13;
			files = (
				12048F13FC410F3710FD9AC5 /* GweiloEloLiveActivity.appex in Embed Foundation Extensions */,
			);
			name = "Embed Foundation Extensions";
			runOnlyForDeploymentPostprocessing = 0;
		};
/* End PBXCopyFilesBuildPhase section */

/* Begin PBXFileReference section */
		0726C64B5EC824EEA3121775 /* PerformanceTrendCard.swift */ = {isa = PBXFileReference; lastKnownFileType = sourcecode.swift; path = PerformanceTrendCard.swift; sourceTree = "<group>"; };
		0BA912773AC4698CDDD16594 /* GweiloEloLiveActivity.swift */ = {isa = PBXFileReference; lastKnownFileType = sourcecode.swift; path = GweiloEloLiveActivity.swift; sourceTree = "<group>"; };
		0E85B510B12BD0F42EBAA7C9 /* SupabaseConfig.plist.example */ = {isa = PBXFileReference; lastKnownFileType = text.xml; path = SupabaseConfig.plist.example; sourceTree = "<group>"; };
		0FDABAE0E584B2A2B530E800 /* SupabaseService.swift */ = {isa = PBXFileReference; lastKnownFileType = sourcecode.swift; path = SupabaseService.swift; sourceTree = "<group>"; };
		15F62C8C18F6BAA96E9E65C4 /* Haptics.swift */ = {isa = PBXFileReference; lastKnownFileType = sourcecode.swift; path = Haptics.swift; sourceTree = "<group>"; };
		295748C359414F40F1A64D87 /* StatisticsView.swift */ = {isa = PBXFileReference; lastKnownFileType = sourcecode.swift; path = StatisticsView.swift; sourceTree = "<group>"; };
		31A21D6D20E048CFDBB85D3B /* Info.plist */ = {isa = PBXFileReference; lastKnownFileType = text.plist; path = Info.plist; sourceTree = "<group>"; };
		3675C3E80567DA36381540E5 /* Info.plist */ = {isa = PBXFileReference; lastKnownFileType = text.plist; path = Info.plist; sourceTree = "<group>"; };
		37D1EDD9A3A167868E9AA8B9 /* PollsView.swift */ = {isa = PBXFileReference; lastKnownFileType = sourcecode.swift; path = PollsView.swift; sourceTree = "<group>"; };
		4671CB325310E61E9B9A34E9 /* APIClient.swift */ = {isa = PBXFileReference; lastKnownFileType = sourcecode.swift; path = APIClient.swift; sourceTree = "<group>"; };
		4A4385666B9E479408CDDE32 /* SessionLiveActivityManager.swift */ = {isa = PBXFileReference; lastKnownFileType = sourcecode.swift; path = SessionLiveActivityManager.swift; sourceTree = "<group>"; };
		4FC18F7DECB711852141A41C /* RootView.swift */ = {isa = PBXFileReference; lastKnownFileType = sourcecode.swift; path = RootView.swift; sourceTree = "<group>"; };
		508F981D013248715D36E03A /* StartSessionView.swift */ = {isa = PBXFileReference; lastKnownFileType = sourcecode.swift; path = StartSessionView.swift; sourceTree = "<group>"; };
		617C467439E5AD5533AB666C /* SessionDetailView.swift */ = {isa = PBXFileReference; lastKnownFileType = sourcecode.swift; path = SessionDetailView.swift; sourceTree = "<group>"; };
		621E03FD7BA035C3C0AB2644 /* ActiveSessionBanner.swift */ = {isa = PBXFileReference; lastKnownFileType = sourcecode.swift; path = ActiveSessionBanner.swift; sourceTree = "<group>"; };
		634636DCE0F074FDF0DA5C45 /* AuthViewModel.swift */ = {isa = PBXFileReference; lastKnownFileType = sourcecode.swift; path = AuthViewModel.swift; sourceTree = "<group>"; };
		696DDB96574EB69C35C0B3A4 /* Assets.xcassets */ = {isa = PBXFileReference; lastKnownFileType = folder.assetcatalog; path = Assets.xcassets; sourceTree = "<group>"; };
		6C5C1213C8A6961E99FD8F94 /* SignInView.swift */ = {isa = PBXFileReference; lastKnownFileType = sourcecode.swift; path = SignInView.swift; sourceTree = "<group>"; };
		7B0308F3E6C35F2E73FACE89 /* SessionLiveActivityAttributes.swift */ = {isa = PBXFileReference; lastKnownFileType = sourcecode.swift; path = SessionLiveActivityAttributes.swift; sourceTree = "<group>"; };
		82998730D26F7812BB765354 /* GweiloEloLiveActivityLiveActivity.swift */ = {isa = PBXFileReference; lastKnownFileType = sourcecode.swift; path = GweiloEloLiveActivityLiveActivity.swift; sourceTree = "<group>"; };
		82B3F62C3725F20B541CA06A /* SupabaseConfig.plist */ = {isa = PBXFileReference; lastKnownFileType = text.plist; path = SupabaseConfig.plist; sourceTree = "<group>"; };
		994142B6635818F0FFEA95BD /* AvatarView.swift */ = {isa = PBXFileReference; lastKnownFileType = sourcecode.swift; path = AvatarView.swift; sourceTree = "<group>"; };
		9AAF7F95B328BF324C681FA7 /* UserRole.swift */ = {isa = PBXFileReference; lastKnownFileType = sourcecode.swift; path = UserRole.swift; sourceTree = "<group>"; };
		9C3C6AA363E04413A07B972F /* PlayerDetailView.swift */ = {isa = PBXFileReference; lastKnownFileType = sourcecode.swift; path = PlayerDetailView.swift; sourceTree = "<group>"; };
		9DB9217C7E2AD3E33A1F6B46 /* GweiloEloLiveActivityBundle.swift */ = {isa = PBXFileReference; lastKnownFileType = sourcecode.swift; path = GweiloEloLiveActivityBundle.swift; sourceTree = "<group>"; };
		A3DE4B687AC90066E93541DC /* Assets.xcassets */ = {isa = PBXFileReference; lastKnownFileType = folder.assetcatalog; path = Assets.xcassets; sourceTree = "<group>"; };
		A43DAE5E8A1C1D03446607B7 /* Top3PlayersView.swift */ = {isa = PBXFileReference; lastKnownFileType = sourcecode.swift; path = Top3PlayersView.swift; sourceTree = "<group>"; };
		AE828936021258575CCD9553 /* GweiloEloNative.app */ = {isa = PBXFileReference; explicitFileType = wrapper.application; includeInIndex = 0; path = GweiloEloNative.app; sourceTree = BUILT_PRODUCTS_DIR; };
		B1263B4F20F1822882D29C8F /* MoreView.swift */ = {isa = PBXFileReference; lastKnownFileType = sourcecode.swift; path = MoreView.swift; sourceTree = "<group>"; };
		C4827BCA4AA7A5181E42A404 /* SessionsView.swift */ = {isa = PBXFileReference; lastKnownFileType = sourcecode.swift; path = SessionsView.swift; sourceTree = "<group>"; };
		D82E2AD62D74714AB696F79E /* GweiloEloNativeApp.swift */ = {isa = PBXFileReference; lastKnownFileType = sourcecode.swift; path = GweiloEloNativeApp.swift; sourceTree = "<group>"; };
		DF7C3987EC6B54547C230B2A /* DesignTokens.swift */ = {isa = PBXFileReference; lastKnownFileType = sourcecode.swift; path = DesignTokens.swift; sourceTree = "<group>"; };
		E142E507FC3DF59C344139E2 /* SettingsView.swift */ = {isa = PBXFileReference; lastKnownFileType = sourcecode.swift; path = SettingsView.swift; sourceTree = "<group>"; };
		E28DB72EFEE15E28C48A687A /* GweiloEloLiveActivity.appex */ = {isa = PBXFileReference; explicitFileType = "wrapper.app-extension"; includeInIndex = 0; path = GweiloEloLiveActivity.appex; sourceTree = BUILT_PRODUCTS_DIR; };
		F3BCD08E037EB240897A0922 /* NoShowsView.swift */ = {isa = PBXFileReference; lastKnownFileType = sourcecode.swift; path = NoShowsView.swift; sourceTree = "<group>"; };
		FFF1747620511F39F569FC4E /* HomeView.swift */ = {isa = PBXFileReference; lastKnownFileType = sourcecode.swift; path = HomeView.swift; sourceTree = "<group>"; };
/* End PBXFileReference section */

/* Begin PBXFrameworksBuildPhase section */
		73541DF73378F1666A8339B5 /* Frameworks */ = {
			isa = PBXFrameworksBuildPhase;
			buildActionMask = 2147483647;
			files = (
				EB4C3043AC446A5063A2A7D5 /* Supabase in Frameworks */,
			);
			runOnlyForDeploymentPostprocessing = 0;
		};
/* End PBXFrameworksBuildPhase section */

/* Begin PBXGroup section */
		02AF7C20F837E1707ED34FC8 /* Shared */ = {
			isa = PBXGroup;
			children = (
				4671CB325310E61E9B9A34E9 /* APIClient.swift */,
				994142B6635818F0FFEA95BD /* AvatarView.swift */,
				15F62C8C18F6BAA96E9E65C4 /* Haptics.swift */,
				7B0308F3E6C35F2E73FACE89 /* SessionLiveActivityAttributes.swift */,
				4A4385666B9E479408CDDE32 /* SessionLiveActivityManager.swift */,
				9AAF7F95B328BF324C681FA7 /* UserRole.swift */,
			);
			name = Shared;
			path = GweiloEloNative/Shared;
			sourceTree = "<group>";
		};
		1448F104B710A0E82E99392D /* Polls */ = {
			isa = PBXGroup;
			children = (
				37D1EDD9A3A167868E9AA8B9 /* PollsView.swift */,
			);
			path = Polls;
			sourceTree = "<group>";
		};
		5518C571A7E8D5190561C3E8 /* Home */ = {
			isa = PBXGroup;
			children = (
				621E03FD7BA035C3C0AB2644 /* ActiveSessionBanner.swift */,
				FFF1747620511F39F569FC4E /* HomeView.swift */,
				A43DAE5E8A1C1D03446607B7 /* Top3PlayersView.swift */,
			);
			path = Home;
			sourceTree = "<group>";
		};
		58B772F78D40B6498BC5E4BB /* Supabase */ = {
			isa = PBXGroup;
			children = (
				0FDABAE0E584B2A2B530E800 /* SupabaseService.swift */,
			);
			path = Supabase;
			sourceTree = "<group>";
		};
		5A4DF222D4BFFDCE066625A6 /* Settings */ = {
			isa = PBXGroup;
			children = (
				E142E507FC3DF59C344139E2 /* SettingsView.swift */,
			);
			path = Settings;
			sourceTree = "<group>";
		};
		5B1280C4FD81AB7999511A57 /* Sessions */ = {
			isa = PBXGroup;
			children = (
				617C467439E5AD5533AB666C /* SessionDetailView.swift */,
				C4827BCA4AA7A5181E42A404 /* SessionsView.swift */,
				508F981D013248715D36E03A /* StartSessionView.swift */,
			);
			path = Sessions;
			sourceTree = "<group>";
		};
		7844B73C869235E50E5C652D /* Statistics */ = {
			isa = PBXGroup;
			children = (
				295748C359414F40F1A64D87 /* StatisticsView.swift */,
			);
			path = Statistics;
			sourceTree = "<group>";
		};
		7981B0DBCC6412523AE7D8B9 /* More */ = {
			isa = PBXGroup;
			children = (
				B1263B4F20F1822882D29C8F /* MoreView.swift */,
			);
			path = More;
			sourceTree = "<group>";
		};
		985850705523F79D2A35681E /* NoShows */ = {
			isa = PBXGroup;
			children = (
				F3BCD08E037EB240897A0922 /* NoShowsView.swift */,
			);
			path = NoShows;
			sourceTree = "<group>";
		};
		AFA74D1ADC9DF23BB45A3C21 /* Products */ = {
			isa = PBXGroup;
			children = (
				E28DB72EFEE15E28C48A687A /* GweiloEloLiveActivity.appex */,
				AE828936021258575CCD9553 /* GweiloEloNative.app */,
			);
			name = Products;
			sourceTree = "<group>";
		};
		C30519BB9DB1D4A5E2679517 /* Auth */ = {
			isa = PBXGroup;
			children = (
				634636DCE0F074FDF0DA5C45 /* AuthViewModel.swift */,
				6C5C1213C8A6961E99FD8F94 /* SignInView.swift */,
			);
			path = Auth;
			sourceTree = "<group>";
		};
		D4D0F89F096F4D62C42A4262 /* GweiloEloNative */ = {
			isa = PBXGroup;
			children = (
				696DDB96574EB69C35C0B3A4 /* Assets.xcassets */,
				DF7C3987EC6B54547C230B2A /* DesignTokens.swift */,
				D82E2AD62D74714AB696F79E /* GweiloEloNativeApp.swift */,
				31A21D6D20E048CFDBB85D3B /* Info.plist */,
				4FC18F7DECB711852141A41C /* RootView.swift */,
				82B3F62C3725F20B541CA06A /* SupabaseConfig.plist */,
				0E85B510B12BD0F42EBAA7C9 /* SupabaseConfig.plist.example */,
				C30519BB9DB1D4A5E2679517 /* Auth */,
				5518C571A7E8D5190561C3E8 /* Home */,
				7981B0DBCC6412523AE7D8B9 /* More */,
				985850705523F79D2A35681E /* NoShows */,
				F07FFB9B5E89070545ECC214 /* Player */,
				1448F104B710A0E82E99392D /* Polls */,
				5B1280C4FD81AB7999511A57 /* Sessions */,
				5A4DF222D4BFFDCE066625A6 /* Settings */,
				7844B73C869235E50E5C652D /* Statistics */,
				58B772F78D40B6498BC5E4BB /* Supabase */,
			);
			path = GweiloEloNative;
			sourceTree = "<group>";
		};
		E5E83B2715C81E801E6DA19E = {
			isa = PBXGroup;
			children = (
				EAD7476C866A876FA259D0ED /* GweiloEloLiveActivity */,
				D4D0F89F096F4D62C42A4262 /* GweiloEloNative */,
				02AF7C20F837E1707ED34FC8 /* Shared */,
				AFA74D1ADC9DF23BB45A3C21 /* Products */,
			);
			sourceTree = "<group>";
		};
		EAD7476C866A876FA259D0ED /* GweiloEloLiveActivity */ = {
			isa = PBXGroup;
			children = (
				A3DE4B687AC90066E93541DC /* Assets.xcassets */,
				0BA912773AC4698CDDD16594 /* GweiloEloLiveActivity.swift */,
				9DB9217C7E2AD3E33A1F6B46 /* GweiloEloLiveActivityBundle.swift */,
				82998730D26F7812BB765354 /* GweiloEloLiveActivityLiveActivity.swift */,
				3675C3E80567DA36381540E5 /* Info.plist */,
			);
			path = GweiloEloLiveActivity;
			sourceTree = "<group>";
		};
		F07FFB9B5E89070545ECC214 /* Player */ = {
			isa = PBXGroup;
			children = (
				0726C64B5EC824EEA3121775 /* PerformanceTrendCard.swift */,
				9C3C6AA363E04413A07B972F /* PlayerDetailView.swift */,
			);
			path = Player;
			sourceTree = "<group>";
		};
/* End PBXGroup section */

/* Begin PBXNativeTarget section */
		030B100858DE5FDEB09F5013 /* GweiloEloLiveActivity */ = {
			isa = PBXNativeTarget;
			buildConfigurationList = 8B97D3FD254C80F71C35762C /* Build configuration list for PBXNativeTarget "GweiloEloLiveActivity" */;
			buildPhases = (
				66A6E4EE740884F25CB6FC5F /* Sources */,
				CD023E874305FDED6D087B8E /* Resources */,
			);
			buildRules = (
			);
			dependencies = (
			);
			name = GweiloEloLiveActivity;
			packageProductDependencies = (
			);
			productName = GweiloEloLiveActivity;
			productReference = E28DB72EFEE15E28C48A687A /* GweiloEloLiveActivity.appex */;
			productType = "com.apple.product-type.app-extension";
		};
		06884699BD23420347AA4FDF /* GweiloEloNative */ = {
			isa = PBXNativeTarget;
			buildConfigurationList = 85D1CEE9C925FD8DE298026F /* Build configuration list for PBXNativeTarget "GweiloEloNative" */;
			buildPhases = (
				3634017DEE244F296A0A2DD9 /* Sources */,
				63BD71698E86EB4B3205FFF3 /* Resources */,
				73541DF73378F1666A8339B5 /* Frameworks */,
				AA52EFAFBA09F1C40FCF63C5 /* Embed Foundation Extensions */,
			);
			buildRules = (
			);
			dependencies = (
				761EE9AFE2707B2C429374F8 /* PBXTargetDependency */,
			);
			name = GweiloEloNative;
			packageProductDependencies = (
				16699B915D5AA2A14EEA965F /* Supabase */,
			);
			productName = GweiloEloNative;
			productReference = AE828936021258575CCD9553 /* GweiloEloNative.app */;
			productType = "com.apple.product-type.application";
		};
/* End PBXNativeTarget section */

/* Begin PBXProject section */
		DCF78109B490CA2591ECECDD /* Project object */ = {
			isa = PBXProject;
			attributes = {
				BuildIndependentTargetsInParallel = YES;
				LastUpgradeCheck = 1430;
			};
			buildConfigurationList = 75B69356142A01682700E214 /* Build configuration list for PBXProject "GweiloEloNative" */;
			compatibilityVersion = "Xcode 14.0";
			developmentRegion = en;
			hasScannedForEncodings = 0;
			knownRegions = (
				Base,
				en,
			);
			mainGroup = E5E83B2715C81E801E6DA19E;
			minimizedProjectReferenceProxies = 1;
			packageReferences = (
				D4D84361E36C2BC8BC7E6F7D /* XCRemoteSwiftPackageReference "supabase-swift" */,
			);
			projectDirPath = "";
			projectRoot = "";
			targets = (
				030B100858DE5FDEB09F5013 /* GweiloEloLiveActivity */,
				06884699BD23420347AA4FDF /* GweiloEloNative */,
			);
		};
/* End PBXProject section */

/* Begin PBXResourcesBuildPhase section */
		63BD71698E86EB4B3205FFF3 /* Resources */ = {
			isa = PBXResourcesBuildPhase;
			buildActionMask = 2147483647;
			files = (
				653BCAA50D264C68C3ADB769 /* Assets.xcassets in Resources */,
				54C181B416CAACC0FCC8A132 /* SupabaseConfig.plist in Resources */,
				EAB71661FC966D61C3C1A05B /* SupabaseConfig.plist.example in Resources */,
			);
			runOnlyForDeploymentPostprocessing = 0;
		};
		CD023E874305FDED6D087B8E /* Resources */ = {
			isa = PBXResourcesBuildPhase;
			buildActionMask = 2147483647;
			files = (
				736C51C632012BB8FE4C07CC /* Assets.xcassets in Resources */,
			);
			runOnlyForDeploymentPostprocessing = 0;
		};
/* End PBXResourcesBuildPhase section */

/* Begin PBXSourcesBuildPhase section */
		3634017DEE244F296A0A2DD9 /* Sources */ = {
			isa = PBXSourcesBuildPhase;
			buildActionMask = 2147483647;
			files = (
				0DA489F95DCEBB9A0AD2F3E6 /* APIClient.swift in Sources */,
				3F7704DE253FFB2C845B91A1 /* ActiveSessionBanner.swift in Sources */,
				002EF9F7ACA9BC550ECE756B /* AuthViewModel.swift in Sources */,
				FBB2B1145FB2053725FDAF67 /* AvatarView.swift in Sources */,
				36A3FBF5D57700458330CFBF /* DesignTokens.swift in Sources */,
				2E3530630F704DE7481FA5E9 /* GweiloEloNativeApp.swift in Sources */,
				B8C6FCC8F6AA7D8C863E59FD /* Haptics.swift in Sources */,
				FEE19DBC1553371FBB55591F /* HomeView.swift in Sources */,
				994DA86E1F46E59C5E3BD570 /* MoreView.swift in Sources */,
				BF7B782F3ED54318962F53C0 /* NoShowsView.swift in Sources */,
				2D243272CF04B777B60AE494 /* PerformanceTrendCard.swift in Sources */,
				7955D073B46CDAAFFEF226E1 /* PlayerDetailView.swift in Sources */,
				A920143A930EA85BD1CEBFF5 /* PollsView.swift in Sources */,
				A65FEBA03FC8409153590109 /* RootView.swift in Sources */,
				5E0B24C92CE3FDFBA1F9AFDE /* SessionDetailView.swift in Sources */,
				FA453996A5221F405C8CF0D9 /* SessionLiveActivityAttributes.swift in Sources */,
				5E76509D77AEACF1A16A5329 /* SessionLiveActivityManager.swift in Sources */,
				7F5FA75A30DE00163BCE72C3 /* SessionsView.swift in Sources */,
				CF2D5048B6F5E29BD9784171 /* SettingsView.swift in Sources */,
				757DDEBAA343F714916C4CD8 /* SignInView.swift in Sources */,
				AEC97F3695A1FD523ACAC549 /* StartSessionView.swift in Sources */,
				85F23D2E8FE4D0AC59D79467 /* StatisticsView.swift in Sources */,
				20DC5305D2091CB5C7C6E7CD /* SupabaseService.swift in Sources */,
				2EA3C95E97A9DDE4109EAEB2 /* Top3PlayersView.swift in Sources */,
				2A5D38CE1AB66846EA75B85B /* UserRole.swift in Sources */,
			);
			runOnlyForDeploymentPostprocessing = 0;
		};
		66A6E4EE740884F25CB6FC5F /* Sources */ = {
			isa = PBXSourcesBuildPhase;
			buildActionMask = 2147483647;
			files = (
				D7E2E4F5C647F40F8C63C536 /* GweiloEloLiveActivity.swift in Sources */,
				31C72FD05165CED218FAB38D /* GweiloEloLiveActivityBundle.swift in Sources */,
				347229F95762EE0D319F33BD /* GweiloEloLiveActivityLiveActivity.swift in Sources */,
				6993BAE9E1B2ADB7B924819B /* SessionLiveActivityAttributes.swift in Sources */,
			);
			runOnlyForDeploymentPostprocessing = 0;
		};
/* End PBXSourcesBuildPhase section */

/* Begin PBXTargetDependency section */
		761EE9AFE2707B2C429374F8 /* PBXTargetDependency */ = {
			isa = PBXTargetDependency;
			target = 030B100858DE5FDEB09F5013 /* GweiloEloLiveActivity */;
			targetProxy = 86DE87B7097CCF96352F93B4 /* PBXContainerItemProxy */;
		};
/* End PBXTargetDependency section */

/* Begin XCBuildConfiguration section */
		2E25F4F07B433A99DF55138D /* Debug */ = {
			isa = XCBuildConfiguration;
			buildSettings = {
				CURRENT_PROJECT_VERSION = 1;
				DEVELOPMENT_TEAM = 5JKSYD4AUC;
				INFOPLIST_FILE = GweiloEloLiveActivity/Info.plist;
				LD_RUNPATH_SEARCH_PATHS = (
					"$(inherited)",
					"@executable_path/Frameworks",
					"@executable_path/../../Frameworks",
				);
				MARKETING_VERSION = 0.1.0;
				PRODUCT_BUNDLE_IDENTIFIER = com.gweiloelo.ios.liveactivity;
				SDKROOT = iphoneos;
				TARGETED_DEVICE_FAMILY = "1,2";
			};
			name = Debug;
		};
		41DBF2DE81A07F5F149F0509 /* Debug */ = {
			isa = XCBuildConfiguration;
			buildSettings = {
				ASSETCATALOG_COMPILER_APPICON_NAME = AppIcon;
				CODE_SIGN_IDENTITY = "iPhone Developer";
				CURRENT_PROJECT_VERSION = 1;
				DEVELOPMENT_TEAM = 5JKSYD4AUC;
				INFOPLIST_FILE = GweiloEloNative/Info.plist;
				LD_RUNPATH_SEARCH_PATHS = (
					"$(inherited)",
					"@executable_path/Frameworks",
				);
				MARKETING_VERSION = 0.1.0;
				PRODUCT_BUNDLE_IDENTIFIER = com.gweiloelo.ios;
				SDKROOT = iphoneos;
				TARGETED_DEVICE_FAMILY = "1,2";
			};
			name = Debug;
		};
		4F84B4A62C15A430D13AF0CF /* Release */ = {
			isa = XCBuildConfiguration;
			buildSettings = {
				CURRENT_PROJECT_VERSION = 1;
				DEVELOPMENT_TEAM = 5JKSYD4AUC;
				INFOPLIST_FILE = GweiloEloLiveActivity/Info.plist;
				LD_RUNPATH_SEARCH_PATHS = (
					"$(inherited)",
					"@executable_path/Frameworks",
					"@executable_path/../../Frameworks",
				);
				MARKETING_VERSION = 0.1.0;
				PRODUCT_BUNDLE_IDENTIFIER = com.gweiloelo.ios.liveactivity;
				SDKROOT = iphoneos;
				TARGETED_DEVICE_FAMILY = "1,2";
			};
			name = Release;
		};
		8DA033DC2F076FC83E2BD698 /* Debug */ = {
			isa = XCBuildConfiguration;
			buildSettings = {
				ALWAYS_SEARCH_USER_PATHS = NO;
				CLANG_ANALYZER_NONNULL = YES;
				CLANG_ANALYZER_NUMBER_OBJECT_CONVERSION = YES_AGGRESSIVE;
				CLANG_CXX_LANGUAGE_STANDARD = "gnu++14";
				CLANG_CXX_LIBRARY = "libc++";
				CLANG_ENABLE_MODULES = YES;
				CLANG_ENABLE_OBJC_ARC = YES;
				CLANG_ENABLE_OBJC_WEAK = YES;
				CLANG_WARN_BLOCK_CAPTURE_AUTORELEASING = YES;
				CLANG_WARN_BOOL_CONVERSION = YES;
				CLANG_WARN_COMMA = YES;
				CLANG_WARN_CONSTANT_CONVERSION = YES;
				CLANG_WARN_DEPRECATED_OBJC_IMPLEMENTATIONS = YES;
				CLANG_WARN_DIRECT_OBJC_ISA_USAGE = YES_ERROR;
				CLANG_WARN_DOCUMENTATION_COMMENTS = YES;
				CLANG_WARN_EMPTY_BODY = YES;
				CLANG_WARN_ENUM_CONVERSION = YES;
				CLANG_WARN_INFINITE_RECURSION = YES;
				CLANG_WARN_INT_CONVERSION = YES;
				CLANG_WARN_NON_LITERAL_NULL_CONVERSION = YES;
				CLANG_WARN_OBJC_IMPLICIT_RETAIN_SELF = YES;
				CLANG_WARN_OBJC_LITERAL_CONVERSION = YES;
				CLANG_WARN_OBJC_ROOT_CLASS = YES_ERROR;
				CLANG_WARN_QUOTED_INCLUDE_IN_FRAMEWORK_HEADER = YES;
				CLANG_WARN_RANGE_LOOP_ANALYSIS = YES;
				CLANG_WARN_STRICT_PROTOTYPES = YES;
				CLANG_WARN_SUSPICIOUS_MOVE = YES;
				CLANG_WARN_UNGUARDED_AVAILABILITY = YES_AGGRESSIVE;
				CLANG_WARN_UNREACHABLE_CODE = YES;
				CLANG_WARN__DUPLICATE_METHOD_MATCH = YES;
				COPY_PHASE_STRIP = NO;
				DEBUG_INFORMATION_FORMAT = dwarf;
				ENABLE_STRICT_OBJC_MSGSEND = YES;
				ENABLE_TESTABILITY = YES;
				GCC_C_LANGUAGE_STANDARD = gnu11;
				GCC_DYNAMIC_NO_PIC = NO;
				GCC_NO_COMMON_BLOCKS = YES;
				GCC_OPTIMIZATION_LEVEL = 0;
				GCC_PREPROCESSOR_DEFINITIONS = (
					"$(inherited)",
					"DEBUG=1",
				);
				GCC_WARN_64_TO_32_BIT_CONVERSION = YES;
				GCC_WARN_ABOUT_RETURN_TYPE = YES_ERROR;
				GCC_WARN_UNDECLARED_SELECTOR = YES;
				GCC_WARN_UNINITIALIZED_AUTOS = YES_AGGRESSIVE;
				GCC_WARN_UNUSED_FUNCTION = YES;
				GCC_WARN_UNUSED_VARIABLE = YES;
				IPHONEOS_DEPLOYMENT_TARGET = 16.1;
				MTL_ENABLE_DEBUG_INFO = INCLUDE_SOURCE;
				MTL_FAST_MATH = YES;
				ONLY_ACTIVE_ARCH = YES;
				PRODUCT_NAME = "$(TARGET_NAME)";
				SDKROOT = iphoneos;
				SWIFT_ACTIVE_COMPILATION_CONDITIONS = DEBUG;
				SWIFT_OPTIMIZATION_LEVEL = "-Onone";
				SWIFT_VERSION = 5.0;
			};
			name = Debug;
		};
		C8DA5822A747311AF4312085 /* Release */ = {
			isa = XCBuildConfiguration;
			buildSettings = {
				ALWAYS_SEARCH_USER_PATHS = NO;
				CLANG_ANALYZER_NONNULL = YES;
				CLANG_ANALYZER_NUMBER_OBJECT_CONVERSION = YES_AGGRESSIVE;
				CLANG_CXX_LANGUAGE_STANDARD = "gnu++14";
				CLANG_CXX_LIBRARY = "libc++";
				CLANG_ENABLE_MODULES = YES;
				CLANG_ENABLE_OBJC_ARC = YES;
				CLANG_ENABLE_OBJC_WEAK = YES;
				CLANG_WARN_BLOCK_CAPTURE_AUTORELEASING = YES;
				CLANG_WARN_BOOL_CONVERSION = YES;
				CLANG_WARN_COMMA = YES;
				CLANG_WARN_CONSTANT_CONVERSION = YES;
				CLANG_WARN_DEPRECATED_OBJC_IMPLEMENTATIONS = YES;
				CLANG_WARN_DIRECT_OBJC_ISA_USAGE = YES_ERROR;
				CLANG_WARN_DOCUMENTATION_COMMENTS = YES;
				CLANG_WARN_EMPTY_BODY = YES;
				CLANG_WARN_ENUM_CONVERSION = YES;
				CLANG_WARN_INFINITE_RECURSION = YES;
				CLANG_WARN_INT_CONVERSION = YES;
				CLANG_WARN_NON_LITERAL_NULL_CONVERSION = YES;
				CLANG_WARN_OBJC_IMPLICIT_RETAIN_SELF = YES;
				CLANG_WARN_OBJC_LITERAL_CONVERSION = YES;
				CLANG_WARN_OBJC_ROOT_CLASS = YES_ERROR;
				CLANG_WARN_QUOTED_INCLUDE_IN_FRAMEWORK_HEADER = YES;
				CLANG_WARN_RANGE_LOOP_ANALYSIS = YES;
				CLANG_WARN_STRICT_PROTOTYPES = YES;
				CLANG_WARN_SUSPICIOUS_MOVE = YES;
				CLANG_WARN_UNGUARDED_AVAILABILITY = YES_AGGRESSIVE;
				CLANG_WARN_UNREACHABLE_CODE = YES;
				CLANG_WARN__DUPLICATE_METHOD_MATCH = YES;
				COPY_PHASE_STRIP = NO;
				DEBUG_INFORMATION_FORMAT = "dwarf-with-dsym";
				ENABLE_NS_ASSERTIONS = NO;
				ENABLE_STRICT_OBJC_MSGSEND = YES;
				GCC_C_LANGUAGE_STANDARD = gnu11;
				GCC_NO_COMMON_BLOCKS = YES;
				GCC_WARN_64_TO_32_BIT_CONVERSION = YES;
				GCC_WARN_ABOUT_RETURN_TYPE = YES_ERROR;
				GCC_WARN_UNDECLARED_SELECTOR = YES;
				GCC_WARN_UNINITIALIZED_AUTOS = YES_AGGRESSIVE;
				GCC_WARN_UNUSED_FUNCTION = YES;
				GCC_WARN_UNUSED_VARIABLE = YES;
				IPHONEOS_DEPLOYMENT_TARGET = 16.1;
				MTL_ENABLE_DEBUG_INFO = NO;
				MTL_FAST_MATH = YES;
				PRODUCT_NAME = "$(TARGET_NAME)";
				SDKROOT = iphoneos;
				SWIFT_COMPILATION_MODE = wholemodule;
				SWIFT_OPTIMIZATION_LEVEL = "-O";
				SWIFT_VERSION = 5.0;
			};
			name = Release;
		};
		F00868EA01243F62D66DB65F /* Release */ = {
			isa = XCBuildConfiguration;
			buildSettings = {
				ASSETCATALOG_COMPILER_APPICON_NAME = AppIcon;
				CODE_SIGN_IDENTITY = "iPhone Developer";
				CURRENT_PROJECT_VERSION = 1;
				DEVELOPMENT_TEAM = 5JKSYD4AUC;
				INFOPLIST_FILE = GweiloEloNative/Info.plist;
				LD_RUNPATH_SEARCH_PATHS = (
					"$(inherited)",
					"@executable_path/Frameworks",
				);
				MARKETING_VERSION = 0.1.0;
				PRODUCT_BUNDLE_IDENTIFIER = com.gweiloelo.ios;
				SDKROOT = iphoneos;
				TARGETED_DEVICE_FAMILY = "1,2";
			};
			name = Release;
		};
/* End XCBuildConfiguration section */

/* Begin XCConfigurationList section */
		75B69356142A01682700E214 /* Build configuration list for PBXProject "GweiloEloNative" */ = {
			isa = XCConfigurationList;
			buildConfigurations = (
				8DA033DC2F076FC83E2BD698 /* Debug */,
				C8DA5822A747311AF4312085 /* Release */,
			);
			defaultConfigurationIsVisible = 0;
			defaultConfigurationName = Debug;
		};
		85D1CEE9C925FD8DE298026F /* Build configuration list for PBXNativeTarget "GweiloEloNative" */ = {
			isa = XCConfigurationList;
			buildConfigurations = (
				41DBF2DE81A07F5F149F0509 /* Debug */,
				F00868EA01243F62D66DB65F /* Release */,
			);
			defaultConfigurationIsVisible = 0;
			defaultConfigurationName = Debug;
		};
		8B97D3FD254C80F71C35762C /* Build configuration list for PBXNativeTarget "GweiloEloLiveActivity" */ = {
			isa = XCConfigurationList;
			buildConfigurations = (
				2E25F4F07B433A99DF55138D /* Debug */,
				4F84B4A62C15A430D13AF0CF /* Release */,
			);
			defaultConfigurationIsVisible = 0;
			defaultConfigurationName = Debug;
		};
/* End XCConfigurationList section */

/* Begin XCRemoteSwiftPackageReference section */
		D4D84361E36C2BC8BC7E6F7D /* XCRemoteSwiftPackageReference "supabase-swift" */ = {
			isa = XCRemoteSwiftPackageReference;
			repositoryURL = "https://github.com/supabase/supabase-swift";
			requirement = {
				kind = upToNextMajorVersion;
				minimumVersion = 2.0.0;
			};
		};
/* End XCRemoteSwiftPackageReference section */

/* Begin XCSwiftPackageProductDependency section */
		16699B915D5AA2A14EEA965F /* Supabase */ = {
			isa = XCSwiftPackageProductDependency;
			package = D4D84361E36C2BC8BC7E6F7D /* XCRemoteSwiftPackageReference "supabase-swift" */;
			productName = Supabase;
		};
/* End XCSwiftPackageProductDependency section */
	};
	rootObject = DCF78109B490CA2591ECECDD /* Project object */;
}
